
Microsoft Visual Studio Solution File, Format Version 12.00
# Visual Studio Version 16
VisualStudioVersion = 16.0.31205.134
MinimumVisualStudioVersion = 10.0.40219.1
Project("{FAE04EC0-301F-11D3-BF4B-00C04F79EFBC}") = "1_WebApi_Demo", "1_WebApi_Demo\1_WebApi_Demo.csproj", "{F9238E67-E510-4A8E-885E-5B7482385DAB}"
EndProject
Global
	GlobalSection(SolutionConfigurationPlatforms) = preSolution
		Debug|Any CPU = Debug|Any CPU
		Release|Any CPU = Release|Any CPU
	EndGlobalSection
	GlobalSection(ProjectConfigurationPlatforms) = postSolution
		{F9238E67-E510-4A8E-885E-5B7482385DAB}.Debug|Any CPU.ActiveCfg = Debug|Any CPU
		{F9238E67-E510-4A8E-885E-5B7482385DAB}.Debug|Any CPU.Build.0 = Debug|Any CPU
		{F9238E67-E510-4A8E-885E-5B7482385DAB}.Release|Any CPU.ActiveCfg = Release|Any CPU
		{F9238E67-E510-4A8E-885E-5B7482385DAB}.Release|Any CPU.Build.0 = Release|Any CPU
	EndGlobalSection
	GlobalSection(SolutionProperties) = preSolution
		HideSolutionNode = FALSE
	EndGlobalSection
	GlobalSection(ExtensibilityGlobals) = postSolution
		SolutionGuid = {98802BA0-E9E9-4BD6-ACA7-2FD708EE55F8}
	EndGlobalSection
EndGlobal
