
Microsoft Visual Studio Solution File, Format Version 12.00
# Visual Studio Version 16
VisualStudioVersion = 16.0.31112.23
MinimumVisualStudioVersion = 10.0.40219.1
Project("{FAE04EC0-301F-11D3-BF4B-00C04F79EFBC}") = "AgendaTelefonica", "AgendaTelefonica\AgendaTelefonica.csproj", "{AE174A09-74A6-4C2A-804F-ACFBADADE662}"
EndProject
Global
	GlobalSection(SolutionConfigurationPlatforms) = preSolution
		Debug|Any CPU = Debug|Any CPU
		Release|Any CPU = Release|Any CPU
	EndGlobalSection
	GlobalSection(ProjectConfigurationPlatforms) = postSolution
		{AE174A09-74A6-4C2A-804F-ACFBADADE662}.Debug|Any CPU.ActiveCfg = Debug|Any CPU
		{AE174A09-74A6-4C2A-804F-ACFBADADE662}.Debug|Any CPU.Build.0 = Debug|Any CPU
		{AE174A09-74A6-4C2A-804F-ACFBADADE662}.Release|Any CPU.ActiveCfg = Release|Any CPU
		{AE174A09-74A6-4C2A-804F-ACFBADADE662}.Release|Any CPU.Build.0 = Release|Any CPU
	EndGlobalSection
	GlobalSection(SolutionProperties) = preSolution
		HideSolutionNode = FALSE
	EndGlobalSection
	GlobalSection(ExtensibilityGlobals) = postSolution
		SolutionGuid = {A90D3AAF-40D8-4F99-B4B1-14A367753EF3}
	EndGlobalSection
EndGlobal
