
Microsoft Visual Studio Solution File, Format Version 12.00
# Visual Studio Version 16
VisualStudioVersion = 16.0.30011.22
MinimumVisualStudioVersion = 10.0.40219.1
Project("{FAE04EC0-301F-11D3-BF4B-00C04F79EFBC}") = "demo_empty", "demo_empty\demo_empty.csproj", "{839428A3-DA25-4321-BDA1-C5C4D842BC94}"
EndProject
Global
	GlobalSection(SolutionConfigurationPlatforms) = preSolution
		Debug|Any CPU = Debug|Any CPU
		Release|Any CPU = Release|Any CPU
	EndGlobalSection
	GlobalSection(ProjectConfigurationPlatforms) = postSolution
		{839428A3-DA25-4321-BDA1-C5C4D842BC94}.Debug|Any CPU.ActiveCfg = Debug|Any CPU
		{839428A3-DA25-4321-BDA1-C5C4D842BC94}.Debug|Any CPU.Build.0 = Debug|Any CPU
		{839428A3-DA25-4321-BDA1-C5C4D842BC94}.Release|Any CPU.ActiveCfg = Release|Any CPU
		{839428A3-DA25-4321-BDA1-C5C4D842BC94}.Release|Any CPU.Build.0 = Release|Any CPU
	EndGlobalSection
	GlobalSection(SolutionProperties) = preSolution
		HideSolutionNode = FALSE
	EndGlobalSection
	GlobalSection(ExtensibilityGlobals) = postSolution
		SolutionGuid = {6A01959E-5CB1-4E4A-AC95-DF2300A2BF33}
	EndGlobalSection
EndGlobal
