
Microsoft Visual Studio Solution File, Format Version 12.00
# Visual Studio Version 16
VisualStudioVersion = 16.0.31205.134
MinimumVisualStudioVersion = 10.0.40219.1
Project("{FAE04EC0-301F-11D3-BF4B-00C04F79EFBC}") = "2_WebApi", "2_WebApi\2_WebApi.csproj", "{EB45F713-818D-403B-BD6D-43A694130709}"
EndProject
Global
	GlobalSection(SolutionConfigurationPlatforms) = preSolution
		Debug|Any CPU = Debug|Any CPU
		Release|Any CPU = Release|Any CPU
	EndGlobalSection
	GlobalSection(ProjectConfigurationPlatforms) = postSolution
		{EB45F713-818D-403B-BD6D-43A694130709}.Debug|Any CPU.ActiveCfg = Debug|Any CPU
		{EB45F713-818D-403B-BD6D-43A694130709}.Debug|Any CPU.Build.0 = Debug|Any CPU
		{EB45F713-818D-403B-BD6D-43A694130709}.Release|Any CPU.ActiveCfg = Release|Any CPU
		{EB45F713-818D-403B-BD6D-43A694130709}.Release|Any CPU.Build.0 = Release|Any CPU
	EndGlobalSection
	GlobalSection(SolutionProperties) = preSolution
		HideSolutionNode = FALSE
	EndGlobalSection
	GlobalSection(ExtensibilityGlobals) = postSolution
		SolutionGuid = {C502308E-F035-4074-B950-D41D406D2785}
	EndGlobalSection
EndGlobal
