
Microsoft Visual Studio Solution File, Format Version 12.00
# Visual Studio Version 16
VisualStudioVersion = 16.0.30225.117
MinimumVisualStudioVersion = 10.0.40219.1
Project("{FAE04EC0-301F-11D3-BF4B-00C04F79EFBC}") = "Api_empty", "Api_empty\Api_empty.csproj", "{F2DDE513-EA7A-414E-9001-3579DB26CC77}"
EndProject
Global
	GlobalSection(SolutionConfigurationPlatforms) = preSolution
		Debug|Any CPU = Debug|Any CPU
		Release|Any CPU = Release|Any CPU
	EndGlobalSection
	GlobalSection(ProjectConfigurationPlatforms) = postSolution
		{F2DDE513-EA7A-414E-9001-3579DB26CC77}.Debug|Any CPU.ActiveCfg = Debug|Any CPU
		{F2DDE513-EA7A-414E-9001-3579DB26CC77}.Debug|Any CPU.Build.0 = Debug|Any CPU
		{F2DDE513-EA7A-414E-9001-3579DB26CC77}.Release|Any CPU.ActiveCfg = Release|Any CPU
		{F2DDE513-EA7A-414E-9001-3579DB26CC77}.Release|Any CPU.Build.0 = Release|Any CPU
	EndGlobalSection
	GlobalSection(SolutionProperties) = preSolution
		HideSolutionNode = FALSE
	EndGlobalSection
	GlobalSection(ExtensibilityGlobals) = postSolution
		SolutionGuid = {8A302457-BA6F-4228-A53A-74B5CDED36B6}
	EndGlobalSection
EndGlobal
